
Microsoft Visual Studio Solution File, Format Version 12.00
# Visual Studio 14
VisualStudioVersion = 14.0.25123.0
MinimumVisualStudioVersion = 10.0.40219.1
Project("{E24C65DC-7377-472B-9ABA-BC803B73C61A}") = "BMCHeros", ".", "{74A767E8-D6B1-4680-BDD8-7ED96C7ED054}"
	ProjectSection(WebsiteProperties) = preProject
		TargetFrameworkMoniker = ".NETFramework,Version%3Dv4.5.2"
		Debug.AspNetCompiler.VirtualPath = "/localhost_1902"
		Debug.AspNetCompiler.PhysicalPath = "E:\S2\Web Server Script\BMCHeros\"
		Debug.AspNetCompiler.TargetPath = "PrecompiledWeb\localhost_1902\"
		Debug.AspNetCompiler.Updateable = "true"
		Debug.AspNetCompiler.ForceOverwrite = "true"
		Debug.AspNetCompiler.FixedNames = "false"
		Debug.AspNetCompiler.Debug = "True"
		Release.AspNetCompiler.VirtualPath = "/localhost_1902"
		Release.AspNetCompiler.PhysicalPath = "E:\S2\Web Server Script\BMCHeros\"
		Release.AspNetCompiler.TargetPath = "PrecompiledWeb\localhost_1902\"
		Release.AspNetCompiler.Updateable = "true"
		Release.AspNetCompiler.ForceOverwrite = "true"
		Release.AspNetCompiler.FixedNames = "false"
		Release.AspNetCompiler.Debug = "False"
		VWDPort = "1902"
	EndProjectSection
EndProject
Global
	GlobalSection(SolutionConfigurationPlatforms) = preSolution
		Debug|Any CPU = Debug|Any CPU
	EndGlobalSection
	GlobalSection(ProjectConfigurationPlatforms) = postSolution
		{74A767E8-D6B1-4680-BDD8-7ED96C7ED054}.Debug|Any CPU.ActiveCfg = Debug|Any CPU
		{74A767E8-D6B1-4680-BDD8-7ED96C7ED054}.Debug|Any CPU.Build.0 = Debug|Any CPU
	EndGlobalSection
	GlobalSection(SolutionProperties) = preSolution
		HideSolutionNode = FALSE
	EndGlobalSection
EndGlobal
